{
  "originHash" : "2fc5d38acd84b68e63f426b46bd64a5359e4102d18954706a41154fae7ae5900",
  "pins" : [
    {
      "identity" : "capacitor-swift-pm",
      "kind" : "remoteSourceControl",
      "location" : "https://github.com/ionic-team/capacitor-swift-pm.git",
      "state" : {
        "revision" : "1af38be000bb5fcd1d8fec09694115cdcb179695",
        "version" : "8.3.3"
      }
    }
  ],
  "version" : 3
}
